
Microsoft Visual Studio Solution File, Format Version 12.00
# Visual Studio Version 17
VisualStudioVersion = 17.1.32210.238
MinimumVisualStudioVersion = 10.0.40219.1
Project("{FAE04EC0-301F-11D3-BF4B-00C04F79EFBC}") = "CMSWinFormsApp", "CMSWinFormsApp\CMSWinFormsApp.csproj", "{03603F69-C9A1-4D46-8F8D-908659847AB9}"
EndProject
Global
	GlobalSection(SolutionConfigurationPlatforms) = preSolution
		Debug|Any CPU = Debug|Any CPU
		Release|Any CPU = Release|Any CPU
	EndGlobalSection
	GlobalSection(ProjectConfigurationPlatforms) = postSolution
		{03603F69-C9A1-4D46-8F8D-908659847AB9}.Debug|Any CPU.ActiveCfg = Debug|Any CPU
		{03603F69-C9A1-4D46-8F8D-908659847AB9}.Debug|Any CPU.Build.0 = Debug|Any CPU
		{03603F69-C9A1-4D46-8F8D-908659847AB9}.Release|Any CPU.ActiveCfg = Release|Any CPU
		{03603F69-C9A1-4D46-8F8D-908659847AB9}.Release|Any CPU.Build.0 = Release|Any CPU
	EndGlobalSection
	GlobalSection(SolutionProperties) = preSolution
		HideSolutionNode = FALSE
	EndGlobalSection
	GlobalSection(ExtensibilityGlobals) = postSolution
		SolutionGuid = {20AAA7C2-D5ED-49CC-826C-F1A89C0482D5}
	EndGlobalSection
EndGlobal
